
Microsoft Visual Studio Solution File, Format Version 12.00
# Visual Studio Version 16
VisualStudioVersion = 16.0.30804.86
MinimumVisualStudioVersion = 10.0.40219.1
Project("{FAE04EC0-301F-11D3-BF4B-00C04F79EFBC}") = "OAuthServer", "OAuthServer\OAuthServer.csproj", "{020A599E-A966-4088-A586-A0D834A90AC1}"
EndProject
Global
	GlobalSection(SolutionConfigurationPlatforms) = preSolution
		Debug|Any CPU = Debug|Any CPU
		Release|Any CPU = Release|Any CPU
	EndGlobalSection
	GlobalSection(ProjectConfigurationPlatforms) = postSolution
		{020A599E-A966-4088-A586-A0D834A90AC1}.Debug|Any CPU.ActiveCfg = Debug|Any CPU
		{020A599E-A966-4088-A586-A0D834A90AC1}.Debug|Any CPU.Build.0 = Debug|Any CPU
		{020A599E-A966-4088-A586-A0D834A90AC1}.Release|Any CPU.ActiveCfg = Release|Any CPU
		{020A599E-A966-4088-A586-A0D834A90AC1}.Release|Any CPU.Build.0 = Release|Any CPU
	EndGlobalSection
	GlobalSection(SolutionProperties) = preSolution
		HideSolutionNode = FALSE
	EndGlobalSection
	GlobalSection(ExtensibilityGlobals) = postSolution
		SolutionGuid = {4D188E54-E106-4F9B-AD33-04EA47A79D63}
	EndGlobalSection
EndGlobal
